
Microsoft Visual Studio Solution File, Format Version 12.00
# Visual Studio 2013
VisualStudioVersion = 12.0.21005.1
MinimumVisualStudioVersion = 10.0.40219.1
Project("{FAE04EC0-301F-11D3-BF4B-00C04F79EFBC}") = "SandBoxDemo", "SandBoxDemo\SandBoxDemo.csproj", "{522A43B8-23DD-4C22-930F-9A5FE847B985}"
EndProject
Project("{FAE04EC0-301F-11D3-BF4B-00C04F79EFBC}") = "GoodLogic", "GoodLogic\GoodLogic.csproj", "{4BA6F4BB-7AF0-4982-8003-62C49A04202E}"
EndProject
Project("{FAE04EC0-301F-11D3-BF4B-00C04F79EFBC}") = "UntestedLogic", "UntestedLogic\UntestedLogic.csproj", "{72534416-5C21-411B-85C4-7843BF463045}"
EndProject
Global
	GlobalSection(SolutionConfigurationPlatforms) = preSolution
		Debug|Any CPU = Debug|Any CPU
		Release|Any CPU = Release|Any CPU
	EndGlobalSection
	GlobalSection(ProjectConfigurationPlatforms) = postSolution
		{522A43B8-23DD-4C22-930F-9A5FE847B985}.Debug|Any CPU.ActiveCfg = Debug|Any CPU
		{522A43B8-23DD-4C22-930F-9A5FE847B985}.Debug|Any CPU.Build.0 = Debug|Any CPU
		{522A43B8-23DD-4C22-930F-9A5FE847B985}.Release|Any CPU.ActiveCfg = Release|Any CPU
		{522A43B8-23DD-4C22-930F-9A5FE847B985}.Release|Any CPU.Build.0 = Release|Any CPU
		{4BA6F4BB-7AF0-4982-8003-62C49A04202E}.Debug|Any CPU.ActiveCfg = Debug|Any CPU
		{4BA6F4BB-7AF0-4982-8003-62C49A04202E}.Debug|Any CPU.Build.0 = Debug|Any CPU
		{4BA6F4BB-7AF0-4982-8003-62C49A04202E}.Release|Any CPU.ActiveCfg = Release|Any CPU
		{4BA6F4BB-7AF0-4982-8003-62C49A04202E}.Release|Any CPU.Build.0 = Release|Any CPU
		{72534416-5C21-411B-85C4-7843BF463045}.Debug|Any CPU.ActiveCfg = Debug|Any CPU
		{72534416-5C21-411B-85C4-7843BF463045}.Debug|Any CPU.Build.0 = Debug|Any CPU
		{72534416-5C21-411B-85C4-7843BF463045}.Release|Any CPU.ActiveCfg = Release|Any CPU
		{72534416-5C21-411B-85C4-7843BF463045}.Release|Any CPU.Build.0 = Release|Any CPU
	EndGlobalSection
	GlobalSection(SolutionProperties) = preSolution
		HideSolutionNode = FALSE
	EndGlobalSection
EndGlobal
